{
  "version": 4,
  "terraform_version": "1.0.5",
  "serial": 23,
  "lineage": "c850d517-d969-16e9-834d-15386d7af228",
  "outputs": {},
  "resources": [
    {
      "module": "module.dev-namespace[0]",
      "mode": "managed",
      "type": "kubernetes_limit_range",
      "name": "project-default-requests",
      "provider": "provider[\"registry.terraform.io/hashicorp/kubernetes\"].dev",
      "instances": [
        {
          "schema_version": 0,
          "attributes": {
            "id": "tf-test2-dev/default-requests",
            "metadata": [
              {
                "annotations": {},
                "generate_name": "",
                "generation": 0,
                "labels": {},
                "name": "default-requests",
                "namespace": "tf-test2-dev",
                "resource_version": "130814400",
                "uid": "64cc6bde-59e9-4201-aa2a-a2abf4f85098"
              }
            ],
            "spec": [
              {
                "limit": [
                  {
                    "default": {},
                    "default_request": {
                      "cpu": "1m",
                      "memory": "1Mi"
                    },
                    "max": {},
                    "max_limit_request_ratio": {},
                    "min": {},
                    "type": "Container"
                  }
                ]
              }
            ]
          },
          "sensitive_attributes": [],
          "private": "bnVsbA==",
          "dependencies": [
            "module.dev-namespace.kubernetes_namespace.project-ns"
          ]
        }
      ]
    },
    {
      "module": "module.dev-namespace[0]",
      "mode": "managed",
      "type": "kubernetes_namespace",
      "name": "project-ns",
      "provider": "provider[\"registry.terraform.io/hashicorp/kubernetes\"].dev",
      "instances": [
        {
          "schema_version": 0,
          "attributes": {
            "id": "tf-test2-dev",
            "metadata": [
              {
                "annotations": {},
                "generate_name": "",
                "generation": 0,
                "labels": {},
                "name": "tf-test2-dev",
                "resource_version": "130814390",
                "uid": "c32f5913-3584-4ecc-ad17-03e14f26ae58"
              }
            ],
            "timeouts": null
          },
          "sensitive_attributes": [],
          "private": "eyJlMmJmYjczMC1lY2FhLTExZTYtOGY4OC0zNDM2M2JjN2M0YzAiOnsiZGVsZXRlIjozMDAwMDAwMDAwMDB9fQ=="
        }
      ]
    },
    {
      "module": "module.dev-namespace[0]",
      "mode": "managed",
      "type": "kubernetes_resource_quota",
      "name": "project-total-requests",
      "provider": "provider[\"registry.terraform.io/hashicorp/kubernetes\"].dev",
      "instances": [
        {
          "schema_version": 0,
          "attributes": {
            "id": "tf-test2-dev/total-requests-allowed",
            "metadata": [
              {
                "annotations": {},
                "generate_name": "",
                "generation": 0,
                "labels": {},
                "name": "total-requests-allowed",
                "namespace": "tf-test2-dev",
                "resource_version": "130814404",
                "uid": "2211f137-99f8-41aa-8fd7-66ef89a4d0c6"
              }
            ],
            "spec": [
              {
                "hard": {
                  "cpu": "500m",
                  "memory": "1Gi"
                },
                "scope_selector": [],
                "scopes": []
              }
            ],
            "timeouts": null
          },
          "sensitive_attributes": [],
          "private": "eyJlMmJmYjczMC1lY2FhLTExZTYtOGY4OC0zNDM2M2JjN2M0YzAiOnsiY3JlYXRlIjo2MDAwMDAwMDAwMCwidXBkYXRlIjo2MDAwMDAwMDAwMH19",
          "dependencies": [
            "module.dev-namespace.kubernetes_namespace.project-ns"
          ]
        }
      ]
    },
    {
      "module": "module.dev-namespace[0]",
      "mode": "managed",
      "type": "kubernetes_role_binding",
      "name": "namespace-admins",
      "provider": "provider[\"registry.terraform.io/hashicorp/kubernetes\"].dev",
      "instances": [
        {
          "schema_version": 0,
          "attributes": {
            "id": "tf-test2-dev/namespace-admins",
            "metadata": [
              {
                "annotations": {},
                "generation": 0,
                "labels": {},
                "name": "namespace-admins",
                "namespace": "tf-test2-dev",
                "resource_version": "130814498",
                "uid": "7efc3375-5954-4015-85c4-54a77855b040"
              }
            ],
            "role_ref": [
              {
                "api_group": "rbac.authorization.k8s.io",
                "kind": "Role",
                "name": "admin"
              }
            ],
            "subject": [
              {
                "api_group": "rbac.authorization.k8s.io",
                "kind": "User",
                "name": "tf-user-1",
                "namespace": "default"
              },
              {
                "api_group": "rbac.authorization.k8s.io",
                "kind": "User",
                "name": "tf-user-2",
                "namespace": "default"
              }
            ]
          },
          "sensitive_attributes": [],
          "private": "bnVsbA==",
          "dependencies": [
            "module.dev-namespace.kubernetes_namespace.project-ns"
          ]
        }
      ]
    },
    {
      "module": "module.harbor-project",
      "mode": "managed",
      "type": "harbor_project",
      "name": "project",
      "provider": "provider[\"registry.terraform.io/bestseller/harbor\"]",
      "instances": [
        {
          "schema_version": 0,
          "attributes": {
            "cve_allowlist": null,
            "deployment_security": null,
            "enable_content_trust": true,
            "force_destroy": false,
            "id": "/projects/6",
            "name": "tf-test2",
            "project_id": 6,
            "public": "false",
            "registry_id": null,
            "storage_quota": 20,
            "vulnerability_scanning": true
          },
          "sensitive_attributes": [],
          "private": "bnVsbA=="
        }
      ]
    },
    {
      "module": "module.harbor-project",
      "mode": "managed",
      "type": "harbor_retention_policy",
      "name": "project",
      "provider": "provider[\"registry.terraform.io/bestseller/harbor\"]",
      "instances": [
        {
          "schema_version": 0,
          "attributes": {
            "id": "/retentions/4",
            "rule": [
              {
                "always_retain": false,
                "disabled": false,
                "most_recently_pulled": 0,
                "most_recently_pushed": 0,
                "n_days_since_last_pull": 180,
                "n_days_since_last_push": 0,
                "repo_excluding": "",
                "repo_matching": "**",
                "tag_excluding": "prod",
                "tag_matching": "",
                "untagged_artifacts": true
              }
            ],
            "schedule": "0 0 0 * * *",
            "scope": "/projects/6"
          },
          "sensitive_attributes": [],
          "private": "bnVsbA==",
          "dependencies": [
            "module.harbor-project.harbor_project.project"
          ]
        }
      ]
    },
    {
      "module": "module.test-namespace[0]",
      "mode": "managed",
      "type": "kubernetes_limit_range",
      "name": "project-default-requests",
      "provider": "provider[\"registry.terraform.io/hashicorp/kubernetes\"].acc",
      "instances": [
        {
          "schema_version": 0,
          "attributes": {
            "id": "tf-test2-acc/default-requests",
            "metadata": [
              {
                "annotations": {},
                "generate_name": "",
                "generation": 0,
                "labels": {},
                "name": "default-requests",
                "namespace": "tf-test2-acc",
                "resource_version": "130814401",
                "uid": "77558b02-64d4-4b0f-b834-00e066009ab8"
              }
            ],
            "spec": [
              {
                "limit": [
                  {
                    "default": {},
                    "default_request": {
                      "cpu": "1m",
                      "memory": "1Mi"
                    },
                    "max": {},
                    "max_limit_request_ratio": {},
                    "min": {},
                    "type": "Container"
                  }
                ]
              }
            ]
          },
          "sensitive_attributes": [],
          "private": "bnVsbA==",
          "dependencies": [
            "module.test-namespace.kubernetes_namespace.project-ns"
          ]
        }
      ]
    },
    {
      "module": "module.test-namespace[0]",
      "mode": "managed",
      "type": "kubernetes_namespace",
      "name": "project-ns",
      "provider": "provider[\"registry.terraform.io/hashicorp/kubernetes\"].acc",
      "instances": [
        {
          "schema_version": 0,
          "attributes": {
            "id": "tf-test2-acc",
            "metadata": [
              {
                "annotations": {},
                "generate_name": "",
                "generation": 0,
                "labels": {},
                "name": "tf-test2-acc",
                "resource_version": "130814391",
                "uid": "b6dc9fc0-da42-4a7b-8fa5-f468ad7986b2"
              }
            ],
            "timeouts": null
          },
          "sensitive_attributes": [],
          "private": "eyJlMmJmYjczMC1lY2FhLTExZTYtOGY4OC0zNDM2M2JjN2M0YzAiOnsiZGVsZXRlIjozMDAwMDAwMDAwMDB9fQ=="
        }
      ]
    },
    {
      "module": "module.test-namespace[0]",
      "mode": "managed",
      "type": "kubernetes_resource_quota",
      "name": "project-total-requests",
      "provider": "provider[\"registry.terraform.io/hashicorp/kubernetes\"].acc",
      "instances": [
        {
          "schema_version": 0,
          "attributes": {
            "id": "tf-test2-acc/total-requests-allowed",
            "metadata": [
              {
                "annotations": {},
                "generate_name": "",
                "generation": 0,
                "labels": {},
                "name": "total-requests-allowed",
                "namespace": "tf-test2-acc",
                "resource_version": "130814402",
                "uid": "8081233e-8069-4794-8d81-df36f0f6c340"
              }
            ],
            "spec": [
              {
                "hard": {
                  "cpu": "500m",
                  "memory": "1Gi"
                },
                "scope_selector": [],
                "scopes": []
              }
            ],
            "timeouts": null
          },
          "sensitive_attributes": [],
          "private": "eyJlMmJmYjczMC1lY2FhLTExZTYtOGY4OC0zNDM2M2JjN2M0YzAiOnsiY3JlYXRlIjo2MDAwMDAwMDAwMCwidXBkYXRlIjo2MDAwMDAwMDAwMH19",
          "dependencies": [
            "module.test-namespace.kubernetes_namespace.project-ns"
          ]
        }
      ]
    },
    {
      "module": "module.test-namespace[0]",
      "mode": "managed",
      "type": "kubernetes_role_binding",
      "name": "namespace-admins",
      "provider": "provider[\"registry.terraform.io/hashicorp/kubernetes\"].acc",
      "instances": [
        {
          "schema_version": 0,
          "attributes": {
            "id": "tf-test2-acc/namespace-admins",
            "metadata": [
              {
                "annotations": {},
                "generation": 0,
                "labels": {},
                "name": "namespace-admins",
                "namespace": "tf-test2-acc",
                "resource_version": "130814497",
                "uid": "0f97d805-3ffe-4f2b-a7ba-2c11795c651d"
              }
            ],
            "role_ref": [
              {
                "api_group": "rbac.authorization.k8s.io",
                "kind": "Role",
                "name": "admin"
              }
            ],
            "subject": [
              {
                "api_group": "rbac.authorization.k8s.io",
                "kind": "User",
                "name": "tf-user-1",
                "namespace": "default"
              },
              {
                "api_group": "rbac.authorization.k8s.io",
                "kind": "User",
                "name": "tf-user-2",
                "namespace": "default"
              }
            ]
          },
          "sensitive_attributes": [],
          "private": "bnVsbA==",
          "dependencies": [
            "module.test-namespace.kubernetes_namespace.project-ns"
          ]
        }
      ]
    }
  ]
}
