{
  "version": 4,
  "terraform_version": "1.0.10",
  "serial": 13,
  "lineage": "5a8d70d7-6d5d-484c-e938-ffb9682aa14d",
  "outputs": {},
  "resources": [
    {
      "module": "module.dev-namespace[0]",
      "mode": "managed",
      "type": "kubernetes_limit_range",
      "name": "project-default-requests",
      "provider": "provider[\"registry.terraform.io/hashicorp/kubernetes\"].dev",
      "instances": [
        {
          "schema_version": 0,
          "attributes": {
            "id": "tf-test9-dev/default-requests",
            "metadata": [
              {
                "annotations": null,
                "generate_name": "",
                "generation": 0,
                "labels": null,
                "name": "default-requests",
                "namespace": "tf-test9-dev",
                "resource_version": "147000951",
                "uid": "a7b826d6-8f92-4bc0-a19e-0029fcbae825"
              }
            ],
            "spec": [
              {
                "limit": [
                  {
                    "default": null,
                    "default_request": {
                      "cpu": "1m",
                      "memory": "1Mi"
                    },
                    "max": null,
                    "max_limit_request_ratio": null,
                    "min": null,
                    "type": "Container"
                  }
                ]
              }
            ]
          },
          "sensitive_attributes": [],
          "private": "bnVsbA==",
          "dependencies": [
            "module.dev-namespace.kubernetes_namespace.project-ns"
          ]
        }
      ]
    },
    {
      "module": "module.dev-namespace[0]",
      "mode": "managed",
      "type": "kubernetes_namespace",
      "name": "project-ns",
      "provider": "provider[\"registry.terraform.io/hashicorp/kubernetes\"].dev",
      "instances": [
        {
          "schema_version": 0,
          "attributes": {
            "id": "tf-test9-dev",
            "metadata": [
              {
                "annotations": null,
                "generate_name": "",
                "generation": 0,
                "labels": null,
                "name": "tf-test9-dev",
                "resource_version": "147000935",
                "uid": "85ce569e-cad0-4699-bf76-59494dcf9cf1"
              }
            ],
            "timeouts": null
          },
          "sensitive_attributes": [],
          "private": "eyJlMmJmYjczMC1lY2FhLTExZTYtOGY4OC0zNDM2M2JjN2M0YzAiOnsiZGVsZXRlIjozMDAwMDAwMDAwMDB9fQ=="
        }
      ]
    },
    {
      "module": "module.dev-namespace[0]",
      "mode": "managed",
      "type": "kubernetes_resource_quota",
      "name": "project-total-requests",
      "provider": "provider[\"registry.terraform.io/hashicorp/kubernetes\"].dev",
      "instances": [
        {
          "schema_version": 0,
          "attributes": {
            "id": "tf-test9-dev/total-requests-allowed",
            "metadata": [
              {
                "annotations": null,
                "generate_name": "",
                "generation": 0,
                "labels": null,
                "name": "total-requests-allowed",
                "namespace": "tf-test9-dev",
                "resource_version": "147000953",
                "uid": "bcbadbb5-e8df-42d8-a6b4-890c4c6901c0"
              }
            ],
            "spec": [
              {
                "hard": {
                  "cpu": "500m",
                  "memory": "1Gi"
                },
                "scope_selector": [],
                "scopes": null
              }
            ],
            "timeouts": null
          },
          "sensitive_attributes": [],
          "private": "eyJlMmJmYjczMC1lY2FhLTExZTYtOGY4OC0zNDM2M2JjN2M0YzAiOnsiY3JlYXRlIjo2MDAwMDAwMDAwMCwidXBkYXRlIjo2MDAwMDAwMDAwMH19",
          "dependencies": [
            "module.dev-namespace.kubernetes_namespace.project-ns"
          ]
        }
      ]
    },
    {
      "module": "module.dev-namespace[0]",
      "mode": "managed",
      "type": "kubernetes_role_binding",
      "name": "namespace-admins",
      "provider": "provider[\"registry.terraform.io/hashicorp/kubernetes\"].dev",
      "instances": [
        {
          "schema_version": 0,
          "attributes": {
            "id": "tf-test9-dev/namespace-admins",
            "metadata": [
              {
                "annotations": null,
                "generation": 0,
                "labels": null,
                "name": "namespace-admins",
                "namespace": "tf-test9-dev",
                "resource_version": "147000950",
                "uid": "1d1f9ee5-0dab-4c30-a9f0-165354771ca3"
              }
            ],
            "role_ref": [
              {
                "api_group": "rbac.authorization.k8s.io",
                "kind": "Role",
                "name": "admin"
              }
            ],
            "subject": [
              {
                "api_group": "rbac.authorization.k8s.io",
                "kind": "User",
                "name": "test-user-1",
                "namespace": "default"
              },
              {
                "api_group": "rbac.authorization.k8s.io",
                "kind": "User",
                "name": "test-user-2",
                "namespace": "default"
              }
            ]
          },
          "sensitive_attributes": [],
          "private": "bnVsbA==",
          "dependencies": [
            "module.dev-namespace.kubernetes_namespace.project-ns"
          ]
        }
      ]
    },
    {
      "module": "module.harbor-project",
      "mode": "managed",
      "type": "harbor_project",
      "name": "project",
      "provider": "provider[\"registry.terraform.io/bestseller/harbor\"]",
      "instances": [
        {
          "schema_version": 0,
          "attributes": {
            "cve_allowlist": null,
            "deployment_security": null,
            "enable_content_trust": true,
            "force_destroy": false,
            "id": "/projects/14",
            "name": "tf-test9",
            "project_id": 14,
            "public": "false",
            "registry_id": null,
            "storage_quota": 20,
            "vulnerability_scanning": true
          },
          "sensitive_attributes": [],
          "private": "bnVsbA=="
        }
      ]
    },
    {
      "module": "module.harbor-project",
      "mode": "managed",
      "type": "harbor_project_member_user",
      "name": "masters",
      "provider": "provider[\"registry.terraform.io/bestseller/harbor\"]",
      "instances": [
        {
          "index_key": "test-user-1",
          "schema_version": 0,
          "attributes": {
            "id": "/projects/14/members/35",
            "member_id": null,
            "project_id": "/projects/14",
            "role": "master",
            "user_name": "test-user-1"
          },
          "sensitive_attributes": [],
          "private": "bnVsbA==",
          "dependencies": [
            "module.harbor-project.harbor_project.project"
          ]
        },
        {
          "index_key": "test-user-2",
          "schema_version": 0,
          "attributes": {
            "id": "/projects/14/members/34",
            "member_id": null,
            "project_id": "/projects/14",
            "role": "master",
            "user_name": "test-user-2"
          },
          "sensitive_attributes": [],
          "private": "bnVsbA==",
          "dependencies": [
            "module.harbor-project.harbor_project.project"
          ]
        }
      ]
    },
    {
      "module": "module.harbor-project",
      "mode": "managed",
      "type": "harbor_retention_policy",
      "name": "project",
      "provider": "provider[\"registry.terraform.io/bestseller/harbor\"]",
      "instances": [
        {
          "schema_version": 0,
          "attributes": {
            "id": "/retentions/11",
            "rule": [
              {
                "always_retain": false,
                "disabled": false,
                "most_recently_pulled": 0,
                "most_recently_pushed": 0,
                "n_days_since_last_pull": 180,
                "n_days_since_last_push": 0,
                "repo_excluding": "",
                "repo_matching": "**",
                "tag_excluding": "prod",
                "tag_matching": "",
                "untagged_artifacts": true
              }
            ],
            "schedule": "0 0 0 * * *",
            "scope": "/projects/14"
          },
          "sensitive_attributes": [],
          "private": "bnVsbA==",
          "dependencies": [
            "module.harbor-project.harbor_project.project"
          ]
        }
      ]
    },
    {
      "module": "module.test-namespace[0]",
      "mode": "managed",
      "type": "kubernetes_limit_range",
      "name": "project-default-requests",
      "provider": "provider[\"registry.terraform.io/hashicorp/kubernetes\"].acc",
      "instances": [
        {
          "schema_version": 0,
          "attributes": {
            "id": "tf-test9-acc/default-requests",
            "metadata": [
              {
                "annotations": null,
                "generate_name": "",
                "generation": 0,
                "labels": null,
                "name": "default-requests",
                "namespace": "tf-test9-acc",
                "resource_version": "147000954",
                "uid": "9c0d35e3-18e1-4621-a20e-2f57c47c67e6"
              }
            ],
            "spec": [
              {
                "limit": [
                  {
                    "default": null,
                    "default_request": {
                      "cpu": "1m",
                      "memory": "1Mi"
                    },
                    "max": null,
                    "max_limit_request_ratio": null,
                    "min": null,
                    "type": "Container"
                  }
                ]
              }
            ]
          },
          "sensitive_attributes": [],
          "private": "bnVsbA==",
          "dependencies": [
            "module.test-namespace.kubernetes_namespace.project-ns"
          ]
        }
      ]
    },
    {
      "module": "module.test-namespace[0]",
      "mode": "managed",
      "type": "kubernetes_namespace",
      "name": "project-ns",
      "provider": "provider[\"registry.terraform.io/hashicorp/kubernetes\"].acc",
      "instances": [
        {
          "schema_version": 0,
          "attributes": {
            "id": "tf-test9-acc",
            "metadata": [
              {
                "annotations": null,
                "generate_name": "",
                "generation": 0,
                "labels": null,
                "name": "tf-test9-acc",
                "resource_version": "147000945",
                "uid": "e896a3bd-264a-4b17-a1f2-881935bab6aa"
              }
            ],
            "timeouts": null
          },
          "sensitive_attributes": [],
          "private": "eyJlMmJmYjczMC1lY2FhLTExZTYtOGY4OC0zNDM2M2JjN2M0YzAiOnsiZGVsZXRlIjozMDAwMDAwMDAwMDB9fQ=="
        }
      ]
    },
    {
      "module": "module.test-namespace[0]",
      "mode": "managed",
      "type": "kubernetes_resource_quota",
      "name": "project-total-requests",
      "provider": "provider[\"registry.terraform.io/hashicorp/kubernetes\"].acc",
      "instances": [
        {
          "schema_version": 0,
          "attributes": {
            "id": "tf-test9-acc/total-requests-allowed",
            "metadata": [
              {
                "annotations": null,
                "generate_name": "",
                "generation": 0,
                "labels": null,
                "name": "total-requests-allowed",
                "namespace": "tf-test9-acc",
                "resource_version": "147000957",
                "uid": "004201a5-b7b7-474e-ab85-c29673a6361e"
              }
            ],
            "spec": [
              {
                "hard": {
                  "cpu": "500m",
                  "memory": "1Gi"
                },
                "scope_selector": [],
                "scopes": null
              }
            ],
            "timeouts": null
          },
          "sensitive_attributes": [],
          "private": "eyJlMmJmYjczMC1lY2FhLTExZTYtOGY4OC0zNDM2M2JjN2M0YzAiOnsiY3JlYXRlIjo2MDAwMDAwMDAwMCwidXBkYXRlIjo2MDAwMDAwMDAwMH19",
          "dependencies": [
            "module.test-namespace.kubernetes_namespace.project-ns"
          ]
        }
      ]
    },
    {
      "module": "module.test-namespace[0]",
      "mode": "managed",
      "type": "kubernetes_role_binding",
      "name": "namespace-admins",
      "provider": "provider[\"registry.terraform.io/hashicorp/kubernetes\"].acc",
      "instances": [
        {
          "schema_version": 0,
          "attributes": {
            "id": "tf-test9-acc/namespace-admins",
            "metadata": [
              {
                "annotations": null,
                "generation": 0,
                "labels": null,
                "name": "namespace-admins",
                "namespace": "tf-test9-acc",
                "resource_version": "147000955",
                "uid": "f700c5ba-9716-4b1f-9063-6df76420a216"
              }
            ],
            "role_ref": [
              {
                "api_group": "rbac.authorization.k8s.io",
                "kind": "Role",
                "name": "admin"
              }
            ],
            "subject": [
              {
                "api_group": "rbac.authorization.k8s.io",
                "kind": "User",
                "name": "test-user-1",
                "namespace": "default"
              },
              {
                "api_group": "rbac.authorization.k8s.io",
                "kind": "User",
                "name": "test-user-2",
                "namespace": "default"
              }
            ]
          },
          "sensitive_attributes": [],
          "private": "bnVsbA==",
          "dependencies": [
            "module.test-namespace.kubernetes_namespace.project-ns"
          ]
        }
      ]
    }
  ]
}
