{
  "version": 4,
  "terraform_version": "1.0.5",
  "serial": 12,
  "lineage": "65272202-c734-6058-281a-0ebb6cd0a19e",
  "outputs": {},
  "resources": [
    {
      "module": "module.dev-namespace[0]",
      "mode": "managed",
      "type": "kubernetes_limit_range",
      "name": "project-default-requests",
      "provider": "provider[\"registry.terraform.io/hashicorp/kubernetes\"].dev",
      "instances": [
        {
          "schema_version": 0,
          "attributes": {
            "id": "tf-test1-dev/default-requests",
            "metadata": [
              {
                "annotations": null,
                "generate_name": "",
                "generation": 0,
                "labels": null,
                "name": "default-requests",
                "namespace": "tf-test1-dev",
                "resource_version": "146928114",
                "uid": "fe068d18-026c-477e-bf4b-84e6359b8e84"
              }
            ],
            "spec": [
              {
                "limit": [
                  {
                    "default": null,
                    "default_request": {
                      "cpu": "1m",
                      "memory": "1Mi"
                    },
                    "max": null,
                    "max_limit_request_ratio": null,
                    "min": null,
                    "type": "Container"
                  }
                ]
              }
            ]
          },
          "sensitive_attributes": [],
          "private": "bnVsbA==",
          "dependencies": [
            "module.dev-namespace.kubernetes_namespace.project-ns"
          ]
        }
      ]
    },
    {
      "module": "module.dev-namespace[0]",
      "mode": "managed",
      "type": "kubernetes_namespace",
      "name": "project-ns",
      "provider": "provider[\"registry.terraform.io/hashicorp/kubernetes\"].dev",
      "instances": [
        {
          "schema_version": 0,
          "attributes": {
            "id": "tf-test1-dev",
            "metadata": [
              {
                "annotations": null,
                "generate_name": "",
                "generation": 0,
                "labels": null,
                "name": "tf-test1-dev",
                "resource_version": "146928094",
                "uid": "6108eef9-1de5-4d6c-8dc0-32bee5fbfbbf"
              }
            ],
            "timeouts": null
          },
          "sensitive_attributes": [],
          "private": "eyJlMmJmYjczMC1lY2FhLTExZTYtOGY4OC0zNDM2M2JjN2M0YzAiOnsiZGVsZXRlIjozMDAwMDAwMDAwMDB9fQ=="
        }
      ]
    },
    {
      "module": "module.dev-namespace[0]",
      "mode": "managed",
      "type": "kubernetes_resource_quota",
      "name": "project-total-requests",
      "provider": "provider[\"registry.terraform.io/hashicorp/kubernetes\"].dev",
      "instances": [
        {
          "schema_version": 0,
          "attributes": {
            "id": "tf-test1-dev/total-requests-allowed",
            "metadata": [
              {
                "annotations": null,
                "generate_name": "",
                "generation": 0,
                "labels": null,
                "name": "total-requests-allowed",
                "namespace": "tf-test1-dev",
                "resource_version": "146928115",
                "uid": "89e04dfe-bd95-4f69-90eb-6aedc87427c4"
              }
            ],
            "spec": [
              {
                "hard": {
                  "cpu": "500m",
                  "memory": "1Gi"
                },
                "scope_selector": [],
                "scopes": null
              }
            ],
            "timeouts": null
          },
          "sensitive_attributes": [],
          "private": "eyJlMmJmYjczMC1lY2FhLTExZTYtOGY4OC0zNDM2M2JjN2M0YzAiOnsiY3JlYXRlIjo2MDAwMDAwMDAwMCwidXBkYXRlIjo2MDAwMDAwMDAwMH19",
          "dependencies": [
            "module.dev-namespace.kubernetes_namespace.project-ns"
          ]
        }
      ]
    },
    {
      "module": "module.dev-namespace[0]",
      "mode": "managed",
      "type": "kubernetes_role_binding",
      "name": "namespace-admins",
      "provider": "provider[\"registry.terraform.io/hashicorp/kubernetes\"].dev",
      "instances": [
        {
          "schema_version": 0,
          "attributes": {
            "id": "tf-test1-dev/namespace-admins",
            "metadata": [
              {
                "annotations": null,
                "generation": 0,
                "labels": null,
                "name": "namespace-admins",
                "namespace": "tf-test1-dev",
                "resource_version": "146928113",
                "uid": "dc56fa88-9be4-45ec-b9a9-d1ac52bc31af"
              }
            ],
            "role_ref": [
              {
                "api_group": "rbac.authorization.k8s.io",
                "kind": "Role",
                "name": "admin"
              }
            ],
            "subject": [
              {
                "api_group": "rbac.authorization.k8s.io",
                "kind": "User",
                "name": "test-user-1",
                "namespace": "default"
              },
              {
                "api_group": "rbac.authorization.k8s.io",
                "kind": "User",
                "name": "test-user-2",
                "namespace": "default"
              }
            ]
          },
          "sensitive_attributes": [],
          "private": "bnVsbA==",
          "dependencies": [
            "module.dev-namespace.kubernetes_namespace.project-ns"
          ]
        }
      ]
    },
    {
      "module": "module.harbor-project",
      "mode": "managed",
      "type": "harbor_project",
      "name": "project",
      "provider": "provider[\"registry.terraform.io/bestseller/harbor\"]",
      "instances": [
        {
          "schema_version": 0,
          "attributes": {
            "cve_allowlist": null,
            "deployment_security": null,
            "enable_content_trust": true,
            "force_destroy": false,
            "id": "/projects/7",
            "name": "tf-test1",
            "project_id": 7,
            "public": "false",
            "registry_id": null,
            "storage_quota": 20,
            "vulnerability_scanning": true
          },
          "sensitive_attributes": [],
          "private": "bnVsbA=="
        }
      ]
    },
    {
      "module": "module.harbor-project",
      "mode": "managed",
      "type": "harbor_project_member_user",
      "name": "masters",
      "provider": "provider[\"registry.terraform.io/bestseller/harbor\"]",
      "instances": [
        {
          "index_key": "test-user-1",
          "schema_version": 0,
          "attributes": {
            "id": "/projects/7/members/17",
            "member_id": null,
            "project_id": "/projects/7",
            "role": "master",
            "user_name": "test-user-1"
          },
          "sensitive_attributes": [],
          "private": "bnVsbA==",
          "dependencies": [
            "module.harbor-project.harbor_project.project"
          ]
        },
        {
          "index_key": "test-user-2",
          "schema_version": 0,
          "attributes": {
            "id": "/projects/7/members/16",
            "member_id": null,
            "project_id": "/projects/7",
            "role": "master",
            "user_name": "test-user-2"
          },
          "sensitive_attributes": [],
          "private": "bnVsbA==",
          "dependencies": [
            "module.harbor-project.harbor_project.project"
          ]
        }
      ]
    },
    {
      "module": "module.harbor-project",
      "mode": "managed",
      "type": "harbor_retention_policy",
      "name": "project",
      "provider": "provider[\"registry.terraform.io/bestseller/harbor\"]",
      "instances": [
        {
          "schema_version": 0,
          "attributes": {
            "id": "/retentions/5",
            "rule": [
              {
                "always_retain": false,
                "disabled": false,
                "most_recently_pulled": 0,
                "most_recently_pushed": 0,
                "n_days_since_last_pull": 180,
                "n_days_since_last_push": 0,
                "repo_excluding": "",
                "repo_matching": "**",
                "tag_excluding": "prod",
                "tag_matching": "",
                "untagged_artifacts": true
              }
            ],
            "schedule": "0 0 0 * * *",
            "scope": "/projects/7"
          },
          "sensitive_attributes": [],
          "private": "bnVsbA==",
          "dependencies": [
            "module.harbor-project.harbor_project.project"
          ]
        }
      ]
    },
    {
      "module": "module.test-namespace[0]",
      "mode": "managed",
      "type": "kubernetes_limit_range",
      "name": "project-default-requests",
      "provider": "provider[\"registry.terraform.io/hashicorp/kubernetes\"].acc",
      "instances": [
        {
          "schema_version": 0,
          "attributes": {
            "id": "tf-test1-acc/default-requests",
            "metadata": [
              {
                "annotations": null,
                "generate_name": "",
                "generation": 0,
                "labels": null,
                "name": "default-requests",
                "namespace": "tf-test1-acc",
                "resource_version": "146928116",
                "uid": "a73ac565-5bbc-4b2f-8a3c-1c0e0b24ff74"
              }
            ],
            "spec": [
              {
                "limit": [
                  {
                    "default": null,
                    "default_request": {
                      "cpu": "1m",
                      "memory": "1Mi"
                    },
                    "max": null,
                    "max_limit_request_ratio": null,
                    "min": null,
                    "type": "Container"
                  }
                ]
              }
            ]
          },
          "sensitive_attributes": [],
          "private": "bnVsbA==",
          "dependencies": [
            "module.test-namespace.kubernetes_namespace.project-ns"
          ]
        }
      ]
    },
    {
      "module": "module.test-namespace[0]",
      "mode": "managed",
      "type": "kubernetes_namespace",
      "name": "project-ns",
      "provider": "provider[\"registry.terraform.io/hashicorp/kubernetes\"].acc",
      "instances": [
        {
          "schema_version": 0,
          "attributes": {
            "id": "tf-test1-acc",
            "metadata": [
              {
                "annotations": null,
                "generate_name": "",
                "generation": 0,
                "labels": null,
                "name": "tf-test1-acc",
                "resource_version": "146928096",
                "uid": "f6e8d571-dd34-4cae-9b68-9228594e49e9"
              }
            ],
            "timeouts": null
          },
          "sensitive_attributes": [],
          "private": "eyJlMmJmYjczMC1lY2FhLTExZTYtOGY4OC0zNDM2M2JjN2M0YzAiOnsiZGVsZXRlIjozMDAwMDAwMDAwMDB9fQ=="
        }
      ]
    },
    {
      "module": "module.test-namespace[0]",
      "mode": "managed",
      "type": "kubernetes_resource_quota",
      "name": "project-total-requests",
      "provider": "provider[\"registry.terraform.io/hashicorp/kubernetes\"].acc",
      "instances": [
        {
          "schema_version": 0,
          "attributes": {
            "id": "tf-test1-acc/total-requests-allowed",
            "metadata": [
              {
                "annotations": null,
                "generate_name": "",
                "generation": 0,
                "labels": null,
                "name": "total-requests-allowed",
                "namespace": "tf-test1-acc",
                "resource_version": "146928119",
                "uid": "99761d8f-ac31-4a99-8516-2c5ef0b6d526"
              }
            ],
            "spec": [
              {
                "hard": {
                  "cpu": "500m",
                  "memory": "1Gi"
                },
                "scope_selector": [],
                "scopes": null
              }
            ],
            "timeouts": null
          },
          "sensitive_attributes": [],
          "private": "eyJlMmJmYjczMC1lY2FhLTExZTYtOGY4OC0zNDM2M2JjN2M0YzAiOnsiY3JlYXRlIjo2MDAwMDAwMDAwMCwidXBkYXRlIjo2MDAwMDAwMDAwMH19",
          "dependencies": [
            "module.test-namespace.kubernetes_namespace.project-ns"
          ]
        }
      ]
    },
    {
      "module": "module.test-namespace[0]",
      "mode": "managed",
      "type": "kubernetes_role_binding",
      "name": "namespace-admins",
      "provider": "provider[\"registry.terraform.io/hashicorp/kubernetes\"].acc",
      "instances": [
        {
          "schema_version": 0,
          "attributes": {
            "id": "tf-test1-acc/namespace-admins",
            "metadata": [
              {
                "annotations": null,
                "generation": 0,
                "labels": null,
                "name": "namespace-admins",
                "namespace": "tf-test1-acc",
                "resource_version": "146928117",
                "uid": "7a6c5144-7bb7-4933-b37a-e55521b108d6"
              }
            ],
            "role_ref": [
              {
                "api_group": "rbac.authorization.k8s.io",
                "kind": "Role",
                "name": "admin"
              }
            ],
            "subject": [
              {
                "api_group": "rbac.authorization.k8s.io",
                "kind": "User",
                "name": "test-user-1",
                "namespace": "default"
              },
              {
                "api_group": "rbac.authorization.k8s.io",
                "kind": "User",
                "name": "test-user-2",
                "namespace": "default"
              }
            ]
          },
          "sensitive_attributes": [],
          "private": "bnVsbA==",
          "dependencies": [
            "module.test-namespace.kubernetes_namespace.project-ns"
          ]
        }
      ]
    }
  ]
}
