{
  "version": 4,
  "terraform_version": "1.0.5",
  "serial": 26,
  "lineage": "65272202-c734-6058-281a-0ebb6cd0a19e",
  "outputs": {},
  "resources": [
    {
      "module": "module.dev-namespace[0]",
      "mode": "managed",
      "type": "kubernetes_limit_range",
      "name": "project-default-requests",
      "provider": "provider[\"registry.terraform.io/hashicorp/kubernetes\"].dev",
      "instances": [
        {
          "schema_version": 0,
          "attributes": {
            "id": "tf-test1-dev/default-requests",
            "metadata": [
              {
                "annotations": null,
                "generate_name": "",
                "generation": 0,
                "labels": null,
                "name": "default-requests",
                "namespace": "tf-test1-dev",
                "resource_version": "147441185",
                "uid": "42358807-c273-4fff-bae1-f7c3463ebba8"
              }
            ],
            "spec": [
              {
                "limit": [
                  {
                    "default": null,
                    "default_request": {
                      "cpu": "1m",
                      "memory": "1Mi"
                    },
                    "max": null,
                    "max_limit_request_ratio": null,
                    "min": null,
                    "type": "Container"
                  }
                ]
              }
            ]
          },
          "sensitive_attributes": [],
          "private": "bnVsbA==",
          "dependencies": [
            "module.dev-namespace.kubernetes_namespace.project-ns"
          ]
        }
      ]
    },
    {
      "module": "module.dev-namespace[0]",
      "mode": "managed",
      "type": "kubernetes_namespace",
      "name": "project-ns",
      "provider": "provider[\"registry.terraform.io/hashicorp/kubernetes\"].dev",
      "instances": [
        {
          "schema_version": 0,
          "attributes": {
            "id": "tf-test1-dev",
            "metadata": [
              {
                "annotations": null,
                "generate_name": "",
                "generation": 0,
                "labels": null,
                "name": "tf-test1-dev",
                "resource_version": "147441166",
                "uid": "700048d4-c74b-4bd5-8063-35798fafdaaa"
              }
            ],
            "timeouts": null
          },
          "sensitive_attributes": [],
          "private": "eyJlMmJmYjczMC1lY2FhLTExZTYtOGY4OC0zNDM2M2JjN2M0YzAiOnsiZGVsZXRlIjozMDAwMDAwMDAwMDB9fQ=="
        }
      ]
    },
    {
      "module": "module.dev-namespace[0]",
      "mode": "managed",
      "type": "kubernetes_resource_quota",
      "name": "project-total-requests",
      "provider": "provider[\"registry.terraform.io/hashicorp/kubernetes\"].dev",
      "instances": [
        {
          "schema_version": 0,
          "attributes": {
            "id": "tf-test1-dev/total-requests-allowed",
            "metadata": [
              {
                "annotations": null,
                "generate_name": "",
                "generation": 0,
                "labels": null,
                "name": "total-requests-allowed",
                "namespace": "tf-test1-dev",
                "resource_version": "147441189",
                "uid": "387d53df-0ceb-4c0a-a66b-fe311ee8d285"
              }
            ],
            "spec": [
              {
                "hard": {
                  "cpu": "500m",
                  "memory": "1Gi"
                },
                "scope_selector": [],
                "scopes": null
              }
            ],
            "timeouts": null
          },
          "sensitive_attributes": [],
          "private": "eyJlMmJmYjczMC1lY2FhLTExZTYtOGY4OC0zNDM2M2JjN2M0YzAiOnsiY3JlYXRlIjo2MDAwMDAwMDAwMCwidXBkYXRlIjo2MDAwMDAwMDAwMH19",
          "dependencies": [
            "module.dev-namespace.kubernetes_namespace.project-ns"
          ]
        }
      ]
    },
    {
      "module": "module.dev-namespace[0]",
      "mode": "managed",
      "type": "kubernetes_role_binding",
      "name": "namespace-admins",
      "provider": "provider[\"registry.terraform.io/hashicorp/kubernetes\"].dev",
      "instances": [
        {
          "schema_version": 0,
          "attributes": {
            "id": "tf-test1-dev/namespace-admins",
            "metadata": [
              {
                "annotations": null,
                "generation": 0,
                "labels": null,
                "name": "namespace-admins",
                "namespace": "tf-test1-dev",
                "resource_version": "147441187",
                "uid": "3ceb09ab-b734-4e7b-b0c3-7897d3115535"
              }
            ],
            "role_ref": [
              {
                "api_group": "rbac.authorization.k8s.io",
                "kind": "Role",
                "name": "admin"
              }
            ],
            "subject": [
              {
                "api_group": "rbac.authorization.k8s.io",
                "kind": "User",
                "name": "test-user-1",
                "namespace": "default"
              },
              {
                "api_group": "rbac.authorization.k8s.io",
                "kind": "User",
                "name": "test-user-2",
                "namespace": "default"
              }
            ]
          },
          "sensitive_attributes": [],
          "private": "bnVsbA==",
          "dependencies": [
            "module.dev-namespace.kubernetes_namespace.project-ns"
          ]
        }
      ]
    },
    {
      "module": "module.harbor-project",
      "mode": "managed",
      "type": "harbor_project",
      "name": "project",
      "provider": "provider[\"registry.terraform.io/bestseller/harbor\"]",
      "instances": [
        {
          "schema_version": 0,
          "attributes": {
            "cve_allowlist": null,
            "deployment_security": null,
            "enable_content_trust": true,
            "force_destroy": false,
            "id": "/projects/16",
            "name": "tf-test1",
            "project_id": 16,
            "public": "false",
            "registry_id": null,
            "storage_quota": 20,
            "vulnerability_scanning": true
          },
          "sensitive_attributes": [],
          "private": "bnVsbA=="
        }
      ]
    },
    {
      "module": "module.harbor-project",
      "mode": "managed",
      "type": "harbor_project_member_user",
      "name": "masters",
      "provider": "provider[\"registry.terraform.io/bestseller/harbor\"]",
      "instances": [
        {
          "index_key": "test-user-1",
          "schema_version": 0,
          "attributes": {
            "id": "/projects/16/members/40",
            "member_id": null,
            "project_id": "/projects/16",
            "role": "master",
            "user_name": "test-user-1"
          },
          "sensitive_attributes": [],
          "private": "bnVsbA==",
          "dependencies": [
            "module.harbor-project.harbor_project.project"
          ]
        },
        {
          "index_key": "test-user-2",
          "schema_version": 0,
          "attributes": {
            "id": "/projects/16/members/41",
            "member_id": null,
            "project_id": "/projects/16",
            "role": "master",
            "user_name": "test-user-2"
          },
          "sensitive_attributes": [],
          "private": "bnVsbA==",
          "dependencies": [
            "module.harbor-project.harbor_project.project"
          ]
        }
      ]
    },
    {
      "module": "module.harbor-project",
      "mode": "managed",
      "type": "harbor_retention_policy",
      "name": "project",
      "provider": "provider[\"registry.terraform.io/bestseller/harbor\"]",
      "instances": [
        {
          "schema_version": 0,
          "attributes": {
            "id": "/retentions/13",
            "rule": [
              {
                "always_retain": false,
                "disabled": false,
                "most_recently_pulled": 0,
                "most_recently_pushed": 0,
                "n_days_since_last_pull": 180,
                "n_days_since_last_push": 0,
                "repo_excluding": "",
                "repo_matching": "**",
                "tag_excluding": "prod",
                "tag_matching": "",
                "untagged_artifacts": true
              }
            ],
            "schedule": "0 0 0 * * *",
            "scope": "/projects/16"
          },
          "sensitive_attributes": [],
          "private": "bnVsbA==",
          "dependencies": [
            "module.harbor-project.harbor_project.project"
          ]
        }
      ]
    },
    {
      "module": "module.test-namespace[0]",
      "mode": "managed",
      "type": "kubernetes_limit_range",
      "name": "project-default-requests",
      "provider": "provider[\"registry.terraform.io/hashicorp/kubernetes\"].acc",
      "instances": [
        {
          "schema_version": 0,
          "attributes": {
            "id": "tf-test1-acc/default-requests",
            "metadata": [
              {
                "annotations": null,
                "generate_name": "",
                "generation": 0,
                "labels": null,
                "name": "default-requests",
                "namespace": "tf-test1-acc",
                "resource_version": "147441192",
                "uid": "7103dbc2-c60a-44aa-81e6-ddc38ebe983c"
              }
            ],
            "spec": [
              {
                "limit": [
                  {
                    "default": null,
                    "default_request": {
                      "cpu": "1m",
                      "memory": "1Mi"
                    },
                    "max": null,
                    "max_limit_request_ratio": null,
                    "min": null,
                    "type": "Container"
                  }
                ]
              }
            ]
          },
          "sensitive_attributes": [],
          "private": "bnVsbA==",
          "dependencies": [
            "module.test-namespace.kubernetes_namespace.project-ns"
          ]
        }
      ]
    },
    {
      "module": "module.test-namespace[0]",
      "mode": "managed",
      "type": "kubernetes_namespace",
      "name": "project-ns",
      "provider": "provider[\"registry.terraform.io/hashicorp/kubernetes\"].acc",
      "instances": [
        {
          "schema_version": 0,
          "attributes": {
            "id": "tf-test1-acc",
            "metadata": [
              {
                "annotations": null,
                "generate_name": "",
                "generation": 0,
                "labels": null,
                "name": "tf-test1-acc",
                "resource_version": "147441178",
                "uid": "6793db21-caae-48f3-bdb6-63201261c817"
              }
            ],
            "timeouts": null
          },
          "sensitive_attributes": [],
          "private": "eyJlMmJmYjczMC1lY2FhLTExZTYtOGY4OC0zNDM2M2JjN2M0YzAiOnsiZGVsZXRlIjozMDAwMDAwMDAwMDB9fQ=="
        }
      ]
    },
    {
      "module": "module.test-namespace[0]",
      "mode": "managed",
      "type": "kubernetes_resource_quota",
      "name": "project-total-requests",
      "provider": "provider[\"registry.terraform.io/hashicorp/kubernetes\"].acc",
      "instances": [
        {
          "schema_version": 0,
          "attributes": {
            "id": "tf-test1-acc/total-requests-allowed",
            "metadata": [
              {
                "annotations": null,
                "generate_name": "",
                "generation": 0,
                "labels": null,
                "name": "total-requests-allowed",
                "namespace": "tf-test1-acc",
                "resource_version": "147441196",
                "uid": "73de3cf6-a02c-4504-b8d1-55351c4a1949"
              }
            ],
            "spec": [
              {
                "hard": {
                  "cpu": "500m",
                  "memory": "1Gi"
                },
                "scope_selector": [],
                "scopes": null
              }
            ],
            "timeouts": null
          },
          "sensitive_attributes": [],
          "private": "eyJlMmJmYjczMC1lY2FhLTExZTYtOGY4OC0zNDM2M2JjN2M0YzAiOnsiY3JlYXRlIjo2MDAwMDAwMDAwMCwidXBkYXRlIjo2MDAwMDAwMDAwMH19",
          "dependencies": [
            "module.test-namespace.kubernetes_namespace.project-ns"
          ]
        }
      ]
    },
    {
      "module": "module.test-namespace[0]",
      "mode": "managed",
      "type": "kubernetes_role_binding",
      "name": "namespace-admins",
      "provider": "provider[\"registry.terraform.io/hashicorp/kubernetes\"].acc",
      "instances": [
        {
          "schema_version": 0,
          "attributes": {
            "id": "tf-test1-acc/namespace-admins",
            "metadata": [
              {
                "annotations": null,
                "generation": 0,
                "labels": null,
                "name": "namespace-admins",
                "namespace": "tf-test1-acc",
                "resource_version": "147441194",
                "uid": "1b1b41c0-8369-47ee-a277-c544d83418de"
              }
            ],
            "role_ref": [
              {
                "api_group": "rbac.authorization.k8s.io",
                "kind": "Role",
                "name": "admin"
              }
            ],
            "subject": [
              {
                "api_group": "rbac.authorization.k8s.io",
                "kind": "User",
                "name": "test-user-1",
                "namespace": "default"
              },
              {
                "api_group": "rbac.authorization.k8s.io",
                "kind": "User",
                "name": "test-user-2",
                "namespace": "default"
              }
            ]
          },
          "sensitive_attributes": [],
          "private": "bnVsbA==",
          "dependencies": [
            "module.test-namespace.kubernetes_namespace.project-ns"
          ]
        }
      ]
    }
  ]
}
