{
  "version": 4,
  "terraform_version": "1.0.10",
  "serial": 13,
  "lineage": "fdab44b5-edd6-2341-81b5-f995a2e82adb",
  "outputs": {},
  "resources": [
    {
      "module": "module.dev-namespace[0]",
      "mode": "managed",
      "type": "kubernetes_limit_range",
      "name": "project-default-requests",
      "provider": "provider[\"registry.terraform.io/hashicorp/kubernetes\"].dev",
      "instances": [
        {
          "schema_version": 0,
          "attributes": {
            "id": "tf-test7-dev/default-requests",
            "metadata": [
              {
                "annotations": null,
                "generate_name": "",
                "generation": 0,
                "labels": null,
                "name": "default-requests",
                "namespace": "tf-test7-dev",
                "resource_version": "146957182",
                "uid": "5d980386-0891-4e86-bc62-86f737c52812"
              }
            ],
            "spec": [
              {
                "limit": [
                  {
                    "default": null,
                    "default_request": {
                      "cpu": "1m",
                      "memory": "1Mi"
                    },
                    "max": null,
                    "max_limit_request_ratio": null,
                    "min": null,
                    "type": "Container"
                  }
                ]
              }
            ]
          },
          "sensitive_attributes": [],
          "private": "bnVsbA==",
          "dependencies": [
            "module.dev-namespace.kubernetes_namespace.project-ns"
          ]
        }
      ]
    },
    {
      "module": "module.dev-namespace[0]",
      "mode": "managed",
      "type": "kubernetes_namespace",
      "name": "project-ns",
      "provider": "provider[\"registry.terraform.io/hashicorp/kubernetes\"].dev",
      "instances": [
        {
          "schema_version": 0,
          "attributes": {
            "id": "tf-test7-dev",
            "metadata": [
              {
                "annotations": null,
                "generate_name": "",
                "generation": 0,
                "labels": null,
                "name": "tf-test7-dev",
                "resource_version": "146957165",
                "uid": "24bea5ea-b22e-4a9c-a9b0-3fb683d05ffd"
              }
            ],
            "timeouts": null
          },
          "sensitive_attributes": [],
          "private": "eyJlMmJmYjczMC1lY2FhLTExZTYtOGY4OC0zNDM2M2JjN2M0YzAiOnsiZGVsZXRlIjozMDAwMDAwMDAwMDB9fQ=="
        }
      ]
    },
    {
      "module": "module.dev-namespace[0]",
      "mode": "managed",
      "type": "kubernetes_resource_quota",
      "name": "project-total-requests",
      "provider": "provider[\"registry.terraform.io/hashicorp/kubernetes\"].dev",
      "instances": [
        {
          "schema_version": 0,
          "attributes": {
            "id": "tf-test7-dev/total-requests-allowed",
            "metadata": [
              {
                "annotations": null,
                "generate_name": "",
                "generation": 0,
                "labels": null,
                "name": "total-requests-allowed",
                "namespace": "tf-test7-dev",
                "resource_version": "146957184",
                "uid": "503340a7-f327-48c9-9a5c-b801b9a9d3e0"
              }
            ],
            "spec": [
              {
                "hard": {
                  "cpu": "500m",
                  "memory": "1Gi"
                },
                "scope_selector": [],
                "scopes": null
              }
            ],
            "timeouts": null
          },
          "sensitive_attributes": [],
          "private": "eyJlMmJmYjczMC1lY2FhLTExZTYtOGY4OC0zNDM2M2JjN2M0YzAiOnsiY3JlYXRlIjo2MDAwMDAwMDAwMCwidXBkYXRlIjo2MDAwMDAwMDAwMH19",
          "dependencies": [
            "module.dev-namespace.kubernetes_namespace.project-ns"
          ]
        }
      ]
    },
    {
      "module": "module.dev-namespace[0]",
      "mode": "managed",
      "type": "kubernetes_role_binding",
      "name": "namespace-admins",
      "provider": "provider[\"registry.terraform.io/hashicorp/kubernetes\"].dev",
      "instances": [
        {
          "schema_version": 0,
          "attributes": {
            "id": "tf-test7-dev/namespace-admins",
            "metadata": [
              {
                "annotations": null,
                "generation": 0,
                "labels": null,
                "name": "namespace-admins",
                "namespace": "tf-test7-dev",
                "resource_version": "146957183",
                "uid": "55d0dda2-8774-41cc-8bfe-0918905effe7"
              }
            ],
            "role_ref": [
              {
                "api_group": "rbac.authorization.k8s.io",
                "kind": "Role",
                "name": "admin"
              }
            ],
            "subject": [
              {
                "api_group": "rbac.authorization.k8s.io",
                "kind": "User",
                "name": "test-user-1",
                "namespace": "default"
              },
              {
                "api_group": "rbac.authorization.k8s.io",
                "kind": "User",
                "name": "test-user-2",
                "namespace": "default"
              }
            ]
          },
          "sensitive_attributes": [],
          "private": "bnVsbA==",
          "dependencies": [
            "module.dev-namespace.kubernetes_namespace.project-ns"
          ]
        }
      ]
    },
    {
      "module": "module.harbor-project",
      "mode": "managed",
      "type": "harbor_project",
      "name": "project",
      "provider": "provider[\"registry.terraform.io/bestseller/harbor\"]",
      "instances": [
        {
          "schema_version": 0,
          "attributes": {
            "cve_allowlist": null,
            "deployment_security": null,
            "enable_content_trust": true,
            "force_destroy": false,
            "id": "/projects/13",
            "name": "tf-test7",
            "project_id": 13,
            "public": "false",
            "registry_id": null,
            "storage_quota": 20,
            "vulnerability_scanning": true
          },
          "sensitive_attributes": [],
          "private": "bnVsbA=="
        }
      ]
    },
    {
      "module": "module.harbor-project",
      "mode": "managed",
      "type": "harbor_project_member_user",
      "name": "masters",
      "provider": "provider[\"registry.terraform.io/bestseller/harbor\"]",
      "instances": [
        {
          "index_key": "test-user-1",
          "schema_version": 0,
          "attributes": {
            "id": "/projects/13/members/32",
            "member_id": null,
            "project_id": "/projects/13",
            "role": "master",
            "user_name": "test-user-1"
          },
          "sensitive_attributes": [],
          "private": "bnVsbA==",
          "dependencies": [
            "module.harbor-project.harbor_project.project"
          ]
        },
        {
          "index_key": "test-user-2",
          "schema_version": 0,
          "attributes": {
            "id": "/projects/13/members/31",
            "member_id": null,
            "project_id": "/projects/13",
            "role": "master",
            "user_name": "test-user-2"
          },
          "sensitive_attributes": [],
          "private": "bnVsbA==",
          "dependencies": [
            "module.harbor-project.harbor_project.project"
          ]
        }
      ]
    },
    {
      "module": "module.harbor-project",
      "mode": "managed",
      "type": "harbor_retention_policy",
      "name": "project",
      "provider": "provider[\"registry.terraform.io/bestseller/harbor\"]",
      "instances": [
        {
          "schema_version": 0,
          "attributes": {
            "id": "/retentions/10",
            "rule": [
              {
                "always_retain": false,
                "disabled": false,
                "most_recently_pulled": 0,
                "most_recently_pushed": 0,
                "n_days_since_last_pull": 180,
                "n_days_since_last_push": 0,
                "repo_excluding": "",
                "repo_matching": "**",
                "tag_excluding": "prod",
                "tag_matching": "",
                "untagged_artifacts": true
              }
            ],
            "schedule": "0 0 0 * * *",
            "scope": "/projects/13"
          },
          "sensitive_attributes": [],
          "private": "bnVsbA==",
          "dependencies": [
            "module.harbor-project.harbor_project.project"
          ]
        }
      ]
    },
    {
      "module": "module.test-namespace[0]",
      "mode": "managed",
      "type": "kubernetes_limit_range",
      "name": "project-default-requests",
      "provider": "provider[\"registry.terraform.io/hashicorp/kubernetes\"].acc",
      "instances": [
        {
          "schema_version": 0,
          "attributes": {
            "id": "tf-test7-acc/default-requests",
            "metadata": [
              {
                "annotations": null,
                "generate_name": "",
                "generation": 0,
                "labels": null,
                "name": "default-requests",
                "namespace": "tf-test7-acc",
                "resource_version": "146957187",
                "uid": "eaebf4a1-418a-4479-beaa-5b7108c6c756"
              }
            ],
            "spec": [
              {
                "limit": [
                  {
                    "default": null,
                    "default_request": {
                      "cpu": "1m",
                      "memory": "1Mi"
                    },
                    "max": null,
                    "max_limit_request_ratio": null,
                    "min": null,
                    "type": "Container"
                  }
                ]
              }
            ]
          },
          "sensitive_attributes": [],
          "private": "bnVsbA==",
          "dependencies": [
            "module.test-namespace.kubernetes_namespace.project-ns"
          ]
        }
      ]
    },
    {
      "module": "module.test-namespace[0]",
      "mode": "managed",
      "type": "kubernetes_namespace",
      "name": "project-ns",
      "provider": "provider[\"registry.terraform.io/hashicorp/kubernetes\"].acc",
      "instances": [
        {
          "schema_version": 0,
          "attributes": {
            "id": "tf-test7-acc",
            "metadata": [
              {
                "annotations": null,
                "generate_name": "",
                "generation": 0,
                "labels": null,
                "name": "tf-test7-acc",
                "resource_version": "146957174",
                "uid": "debc8698-721f-446e-9d5f-35adad5ab440"
              }
            ],
            "timeouts": null
          },
          "sensitive_attributes": [],
          "private": "eyJlMmJmYjczMC1lY2FhLTExZTYtOGY4OC0zNDM2M2JjN2M0YzAiOnsiZGVsZXRlIjozMDAwMDAwMDAwMDB9fQ=="
        }
      ]
    },
    {
      "module": "module.test-namespace[0]",
      "mode": "managed",
      "type": "kubernetes_resource_quota",
      "name": "project-total-requests",
      "provider": "provider[\"registry.terraform.io/hashicorp/kubernetes\"].acc",
      "instances": [
        {
          "schema_version": 0,
          "attributes": {
            "id": "tf-test7-acc/total-requests-allowed",
            "metadata": [
              {
                "annotations": null,
                "generate_name": "",
                "generation": 0,
                "labels": null,
                "name": "total-requests-allowed",
                "namespace": "tf-test7-acc",
                "resource_version": "146957188",
                "uid": "c0634cfc-087a-4c4a-9729-82292c2f642d"
              }
            ],
            "spec": [
              {
                "hard": {
                  "cpu": "500m",
                  "memory": "1Gi"
                },
                "scope_selector": [],
                "scopes": null
              }
            ],
            "timeouts": null
          },
          "sensitive_attributes": [],
          "private": "eyJlMmJmYjczMC1lY2FhLTExZTYtOGY4OC0zNDM2M2JjN2M0YzAiOnsiY3JlYXRlIjo2MDAwMDAwMDAwMCwidXBkYXRlIjo2MDAwMDAwMDAwMH19",
          "dependencies": [
            "module.test-namespace.kubernetes_namespace.project-ns"
          ]
        }
      ]
    },
    {
      "module": "module.test-namespace[0]",
      "mode": "managed",
      "type": "kubernetes_role_binding",
      "name": "namespace-admins",
      "provider": "provider[\"registry.terraform.io/hashicorp/kubernetes\"].acc",
      "instances": [
        {
          "schema_version": 0,
          "attributes": {
            "id": "tf-test7-acc/namespace-admins",
            "metadata": [
              {
                "annotations": null,
                "generation": 0,
                "labels": null,
                "name": "namespace-admins",
                "namespace": "tf-test7-acc",
                "resource_version": "146957185",
                "uid": "708472f6-5d07-4fe0-ac70-5ad1b80f83b7"
              }
            ],
            "role_ref": [
              {
                "api_group": "rbac.authorization.k8s.io",
                "kind": "Role",
                "name": "admin"
              }
            ],
            "subject": [
              {
                "api_group": "rbac.authorization.k8s.io",
                "kind": "User",
                "name": "test-user-1",
                "namespace": "default"
              },
              {
                "api_group": "rbac.authorization.k8s.io",
                "kind": "User",
                "name": "test-user-2",
                "namespace": "default"
              }
            ]
          },
          "sensitive_attributes": [],
          "private": "bnVsbA==",
          "dependencies": [
            "module.test-namespace.kubernetes_namespace.project-ns"
          ]
        }
      ]
    }
  ]
}
